
Microsoft Visual Studio Solution File, Format Version 12.00
# Visual Studio Version 16
VisualStudioVersion = 16.0.32106.194
MinimumVisualStudioVersion = 10.0.40219.1
Project("{FAE04EC0-301F-11D3-BF4B-00C04F79EFBC}") = "NUMBER_ANALYZER", "NUMBER_ANALYZER.csproj", "{F52E8C21-97D3-4DD3-8CA4-63D013ADB400}"
EndProject
Global
	GlobalSection(SolutionConfigurationPlatforms) = preSolution
		Debug|Any CPU = Debug|Any CPU
		Release|Any CPU = Release|Any CPU
	EndGlobalSection
	GlobalSection(ProjectConfigurationPlatforms) = postSolution
		{F52E8C21-97D3-4DD3-8CA4-63D013ADB400}.Debug|Any CPU.ActiveCfg = Debug|Any CPU
		{F52E8C21-97D3-4DD3-8CA4-63D013ADB400}.Debug|Any CPU.Build.0 = Debug|Any CPU
		{F52E8C21-97D3-4DD3-8CA4-63D013ADB400}.Release|Any CPU.ActiveCfg = Release|Any CPU
		{F52E8C21-97D3-4DD3-8CA4-63D013ADB400}.Release|Any CPU.Build.0 = Release|Any CPU
	EndGlobalSection
	GlobalSection(SolutionProperties) = preSolution
		HideSolutionNode = FALSE
	EndGlobalSection
	GlobalSection(ExtensibilityGlobals) = postSolution
		SolutionGuid = {866301AD-DF9D-4386-B69C-DBFA7B4B81F1}
	EndGlobalSection
EndGlobal
